{
  "object": {
    "pins": [
      {
        "package": "QGrid",
        "repositoryURL": "https://github.com/iberatkaya/QGrid.git",
        "state": {
          "branch": "master",
          "revision": "f3c3b3b95c6c4d1702e81ed31fed4a5cb8687207",
          "version": null
        }
      }
    ]
  },
  "version": 1
}
